
Microsoft Visual Studio Solution File, Format Version 12.00
# Visual Studio Version 16
VisualStudioVersion = 16.0.31911.196
MinimumVisualStudioVersion = 10.0.40219.1
Project("{FAE04EC0-301F-11D3-BF4B-00C04F79EFBC}") = "TimeReport_Lab", "TimeReport_Lab.csproj", "{3E77789E-72C4-49C9-A527-4ED154D68641}"
EndProject
Global
	GlobalSection(SolutionConfigurationPlatforms) = preSolution
		Debug|Any CPU = Debug|Any CPU
		Release|Any CPU = Release|Any CPU
	EndGlobalSection
	GlobalSection(ProjectConfigurationPlatforms) = postSolution
		{3E77789E-72C4-49C9-A527-4ED154D68641}.Debug|Any CPU.ActiveCfg = Debug|Any CPU
		{3E77789E-72C4-49C9-A527-4ED154D68641}.Debug|Any CPU.Build.0 = Debug|Any CPU
		{3E77789E-72C4-49C9-A527-4ED154D68641}.Release|Any CPU.ActiveCfg = Release|Any CPU
		{3E77789E-72C4-49C9-A527-4ED154D68641}.Release|Any CPU.Build.0 = Release|Any CPU
	EndGlobalSection
	GlobalSection(SolutionProperties) = preSolution
		HideSolutionNode = FALSE
	EndGlobalSection
	GlobalSection(ExtensibilityGlobals) = postSolution
		SolutionGuid = {526B66C6-96A4-47AE-BC79-F30B79C46E52}
	EndGlobalSection
EndGlobal
